{
    "_meta": {
        "hash": {
            "sha256": "71c41585fee8a7b29bee3b1c03941fa3b6a56d802db5e396faf7a85e3b3f9dfa"
        },
        "requires": {},
        "sources": [
            {
                "url": "https://pypi.python.org/simple",
                "verify_ssl": true
            }
        ]
    },
    "default": {
        "amqp": {
            "version": "==1.4.9"
        },
        "anyjson": {
            "version": "==0.3.3"
        },
        "certifi": {
            "version": "==2017.7.27.1"
        },
        "chardet": {
            "version": "==3.0.4"
        },
        "enum-compat": {
            "version": "==0.0.2"
        },
        "eventlet": {
            "version": "==0.21.0"
        },
        "falcon": {
            "version": "==1.2.0"
        },
        "greenlet": {
            "version": "==0.4.12"
        },
        "hug": {
            "version": "==2.3.0"
        },
        "idna": {
            "version": "==2.5"
        },
        "kombu": {
            "version": "==3.0.37"
        },
        "mock": {
            "version": "==2.0.0"
        },
        "nameko": {
            "version": "==2.6.0"
        },
        "path.py": {
            "version": "==10.3.1"
        },
        "pbr": {
            "version": "==3.1.1"
        },
        "python-mimeparse": {
            "version": "==1.6.0"
        },
        "pyyaml": {
            "version": "==3.12"
        },
        "requests": {
            "version": "==2.18.3"
        },
        "six": {
            "version": "==1.10.0"
        },
        "urllib3": {
            "version": "==1.22"
        },
        "werkzeug": {
            "version": "==0.12.2"
        },
        "wrapt": {
            "version": "==1.10.11"
        }
    },
    "develop": {
        "decorator": {
            "version": "==4.1.2"
        },
        "ipdb": {
            "version": "==0.10.3"
        },
        "ipython": {
            "version": "==6.1.0"
        },
        "ipython-genutils": {
            "version": "==0.2.0"
        },
        "jedi": {
            "version": "==0.10.2"
        },
        "pexpect": {
            "version": "==4.2.1"
        },
        "pickleshare": {
            "version": "==0.7.4"
        },
        "prompt-toolkit": {
            "version": "==1.0.15"
        },
        "ptyprocess": {
            "version": "==0.5.2"
        },
        "pygments": {
            "version": "==2.2.0"
        },
        "setuptools": {
            "version": "==36.2.7"
        },
        "simplegeneric": {
            "version": "==0.8.1"
        },
        "six": {
            "version": "==1.10.0"
        },
        "traitlets": {
            "version": "==4.3.2"
        },
        "wcwidth": {
            "version": "==0.1.7"
        }
    }
}
